
Microsoft Visual Studio Solution File, Format Version 12.00
# Visual Studio Version 17
VisualStudioVersion = 17.11.35222.181
MinimumVisualStudioVersion = 10.0.40219.1
Project("{FAE04EC0-301F-11D3-BF4B-00C04F79EFBC}") = "Odontoprev +", "Odontoprev +.csproj", "{BD48DFBC-87AB-4B13-A1AB-B9937D33CA2E}"
EndProject
Global
	GlobalSection(SolutionConfigurationPlatforms) = preSolution
		Debug|Any CPU = Debug|Any CPU
		Release|Any CPU = Release|Any CPU
	EndGlobalSection
	GlobalSection(ProjectConfigurationPlatforms) = postSolution
		{BD48DFBC-87AB-4B13-A1AB-B9937D33CA2E}.Debug|Any CPU.ActiveCfg = Debug|Any CPU
		{BD48DFBC-87AB-4B13-A1AB-B9937D33CA2E}.Debug|Any CPU.Build.0 = Debug|Any CPU
		{BD48DFBC-87AB-4B13-A1AB-B9937D33CA2E}.Release|Any CPU.ActiveCfg = Release|Any CPU
		{BD48DFBC-87AB-4B13-A1AB-B9937D33CA2E}.Release|Any CPU.Build.0 = Release|Any CPU
	EndGlobalSection
	GlobalSection(SolutionProperties) = preSolution
		HideSolutionNode = FALSE
	EndGlobalSection
	GlobalSection(ExtensibilityGlobals) = postSolution
		SolutionGuid = {2370AAD8-999B-4C45-9223-F65DA2C41138}
	EndGlobalSection
EndGlobal
